
Microsoft Visual Studio Solution File, Format Version 12.00
# Visual Studio Version 17
VisualStudioVersion = 17.9.34723.18
MinimumVisualStudioVersion = 10.0.40219.1
Project("{9A19103F-16F7-4668-BE54-9A1E7A4F7556}") = "HouseManagment", "HouseManagment\HouseManagment.csproj", "{2DE0208A-93BC-4BE3-BCB3-4A75B8FADAA9}"
EndProject
Project("{9A19103F-16F7-4668-BE54-9A1E7A4F7556}") = "HouseManagment.Contracts", "HouseManagment.Contracts\HouseManagment.Contracts.csproj", "{DAAA2B46-3DDB-4E99-A765-28BEF0D569BE}"
EndProject
Project("{9A19103F-16F7-4668-BE54-9A1E7A4F7556}") = "HouseMagment.Application", "HouseMagment.Base\HouseMagment.Application.csproj", "{FB5F7C4B-8609-4FBD-8D70-1E417699C0D3}"
EndProject
Global
	GlobalSection(SolutionConfigurationPlatforms) = preSolution
		Debug|Any CPU = Debug|Any CPU
		Release|Any CPU = Release|Any CPU
	EndGlobalSection
	GlobalSection(ProjectConfigurationPlatforms) = postSolution
		{2DE0208A-93BC-4BE3-BCB3-4A75B8FADAA9}.Debug|Any CPU.ActiveCfg = Debug|Any CPU
		{2DE0208A-93BC-4BE3-BCB3-4A75B8FADAA9}.Debug|Any CPU.Build.0 = Debug|Any CPU
		{2DE0208A-93BC-4BE3-BCB3-4A75B8FADAA9}.Release|Any CPU.ActiveCfg = Release|Any CPU
		{2DE0208A-93BC-4BE3-BCB3-4A75B8FADAA9}.Release|Any CPU.Build.0 = Release|Any CPU
		{DAAA2B46-3DDB-4E99-A765-28BEF0D569BE}.Debug|Any CPU.ActiveCfg = Debug|Any CPU
		{DAAA2B46-3DDB-4E99-A765-28BEF0D569BE}.Debug|Any CPU.Build.0 = Debug|Any CPU
		{DAAA2B46-3DDB-4E99-A765-28BEF0D569BE}.Release|Any CPU.ActiveCfg = Release|Any CPU
		{DAAA2B46-3DDB-4E99-A765-28BEF0D569BE}.Release|Any CPU.Build.0 = Release|Any CPU
		{FB5F7C4B-8609-4FBD-8D70-1E417699C0D3}.Debug|Any CPU.ActiveCfg = Debug|Any CPU
		{FB5F7C4B-8609-4FBD-8D70-1E417699C0D3}.Debug|Any CPU.Build.0 = Debug|Any CPU
		{FB5F7C4B-8609-4FBD-8D70-1E417699C0D3}.Release|Any CPU.ActiveCfg = Release|Any CPU
		{FB5F7C4B-8609-4FBD-8D70-1E417699C0D3}.Release|Any CPU.Build.0 = Release|Any CPU
	EndGlobalSection
	GlobalSection(SolutionProperties) = preSolution
		HideSolutionNode = FALSE
	EndGlobalSection
	GlobalSection(ExtensibilityGlobals) = postSolution
		SolutionGuid = {DF4512DF-52DD-4CC9-9E2D-0DE8DB63FDC9}
	EndGlobalSection
EndGlobal
